
Microsoft Visual Studio Solution File, Format Version 12.00
# Visual Studio 15
Project("{FAE04EC0-301F-11D3-BF4B-00C04F79EFBC}") = "MerryYellow.CodeAssist.Editor", "MerryYellow.CodeAssist.Editor.csproj", "{0408690E-1A4A-3990-EFD3-2DA6881BB944}"
EndProject
Project("{FAE04EC0-301F-11D3-BF4B-00C04F79EFBC}") = "Assembly-CSharp", "Assembly-CSharp.csproj", "{6ABE39A4-7DCC-65DD-4615-5E5D988110FA}"
EndProject
Global
	GlobalSection(SolutionConfigurationPlatforms) = preSolution
		Debug|Any CPU = Debug|Any CPU
		Release|Any CPU = Release|Any CPU
	EndGlobalSection
	GlobalSection(ProjectConfigurationPlatforms) = postSolution
		{0408690E-1A4A-3990-EFD3-2DA6881BB944}.Debug|Any CPU.ActiveCfg = Debug|Any CPU
		{0408690E-1A4A-3990-EFD3-2DA6881BB944}.Debug|Any CPU.Build.0 = Debug|Any CPU
		{0408690E-1A4A-3990-EFD3-2DA6881BB944}.Release|Any CPU.ActiveCfg = Release|Any CPU
		{0408690E-1A4A-3990-EFD3-2DA6881BB944}.Release|Any CPU.Build.0 = Release|Any CPU
		{6ABE39A4-7DCC-65DD-4615-5E5D988110FA}.Debug|Any CPU.ActiveCfg = Debug|Any CPU
		{6ABE39A4-7DCC-65DD-4615-5E5D988110FA}.Debug|Any CPU.Build.0 = Debug|Any CPU
		{6ABE39A4-7DCC-65DD-4615-5E5D988110FA}.Release|Any CPU.ActiveCfg = Release|Any CPU
		{6ABE39A4-7DCC-65DD-4615-5E5D988110FA}.Release|Any CPU.Build.0 = Release|Any CPU
	EndGlobalSection
	GlobalSection(SolutionProperties) = preSolution
		HideSolutionNode = FALSE
	EndGlobalSection
EndGlobal
